
Microsoft Visual Studio Solution File, Format Version 12.00
# Visual Studio Version 16
VisualStudioVersion = 16.0.30011.22
MinimumVisualStudioVersion = 10.0.40219.1
Project("{FAE04EC0-301F-11D3-BF4B-00C04F79EFBC}") = "Lab07Dependencia.Android", "Lab07Dependencia\Lab07Dependencia.Android\Lab07Dependencia.Android.csproj", "{217BBAA9-F52F-4192-9191-D1808F384414}"
EndProject
Project("{FAE04EC0-301F-11D3-BF4B-00C04F79EFBC}") = "Lab07Dependencia.iOS", "Lab07Dependencia\Lab07Dependencia.iOS\Lab07Dependencia.iOS.csproj", "{72D0F20B-A9DF-4BE5-ADE3-8A79A46EFA47}"
EndProject
Project("{9A19103F-16F7-4668-BE54-9A1E7A4F7556}") = "Lab07Dependencia", "Lab07Dependencia\Lab07Dependencia\Lab07Dependencia.csproj", "{F694623F-FBC2-4482-B014-58FC3D975D7D}"
EndProject
Global
	GlobalSection(SolutionConfigurationPlatforms) = preSolution
		Debug|Any CPU = Debug|Any CPU
		Debug|iPhone = Debug|iPhone
		Debug|iPhoneSimulator = Debug|iPhoneSimulator
		Release|Any CPU = Release|Any CPU
		Release|iPhone = Release|iPhone
		Release|iPhoneSimulator = Release|iPhoneSimulator
	EndGlobalSection
	GlobalSection(ProjectConfigurationPlatforms) = postSolution
		{217BBAA9-F52F-4192-9191-D1808F384414}.Debug|Any CPU.ActiveCfg = Debug|Any CPU
		{217BBAA9-F52F-4192-9191-D1808F384414}.Debug|Any CPU.Build.0 = Debug|Any CPU
		{217BBAA9-F52F-4192-9191-D1808F384414}.Debug|Any CPU.Deploy.0 = Debug|Any CPU
		{217BBAA9-F52F-4192-9191-D1808F384414}.Debug|iPhone.ActiveCfg = Debug|Any CPU
		{217BBAA9-F52F-4192-9191-D1808F384414}.Debug|iPhone.Build.0 = Debug|Any CPU
		{217BBAA9-F52F-4192-9191-D1808F384414}.Debug|iPhone.Deploy.0 = Debug|Any CPU
		{217BBAA9-F52F-4192-9191-D1808F384414}.Debug|iPhoneSimulator.ActiveCfg = Debug|Any CPU
		{217BBAA9-F52F-4192-9191-D1808F384414}.Debug|iPhoneSimulator.Build.0 = Debug|Any CPU
		{217BBAA9-F52F-4192-9191-D1808F384414}.Debug|iPhoneSimulator.Deploy.0 = Debug|Any CPU
		{217BBAA9-F52F-4192-9191-D1808F384414}.Release|Any CPU.ActiveCfg = Release|Any CPU
		{217BBAA9-F52F-4192-9191-D1808F384414}.Release|Any CPU.Build.0 = Release|Any CPU
		{217BBAA9-F52F-4192-9191-D1808F384414}.Release|Any CPU.Deploy.0 = Release|Any CPU
		{217BBAA9-F52F-4192-9191-D1808F384414}.Release|iPhone.ActiveCfg = Release|Any CPU
		{217BBAA9-F52F-4192-9191-D1808F384414}.Release|iPhone.Build.0 = Release|Any CPU
		{217BBAA9-F52F-4192-9191-D1808F384414}.Release|iPhone.Deploy.0 = Release|Any CPU
		{217BBAA9-F52F-4192-9191-D1808F384414}.Release|iPhoneSimulator.ActiveCfg = Release|Any CPU
		{217BBAA9-F52F-4192-9191-D1808F384414}.Release|iPhoneSimulator.Build.0 = Release|Any CPU
		{217BBAA9-F52F-4192-9191-D1808F384414}.Release|iPhoneSimulator.Deploy.0 = Release|Any CPU
		{72D0F20B-A9DF-4BE5-ADE3-8A79A46EFA47}.Debug|Any CPU.ActiveCfg = Debug|iPhone
		{72D0F20B-A9DF-4BE5-ADE3-8A79A46EFA47}.Debug|Any CPU.Build.0 = Debug|iPhone
		{72D0F20B-A9DF-4BE5-ADE3-8A79A46EFA47}.Debug|Any CPU.Deploy.0 = Debug|iPhone
		{72D0F20B-A9DF-4BE5-ADE3-8A79A46EFA47}.Debug|iPhone.ActiveCfg = Debug|iPhone
		{72D0F20B-A9DF-4BE5-ADE3-8A79A46EFA47}.Debug|iPhone.Build.0 = Debug|iPhone
		{72D0F20B-A9DF-4BE5-ADE3-8A79A46EFA47}.Debug|iPhone.Deploy.0 = Debug|iPhone
		{72D0F20B-A9DF-4BE5-ADE3-8A79A46EFA47}.Debug|iPhoneSimulator.ActiveCfg = Debug|iPhoneSimulator
		{72D0F20B-A9DF-4BE5-ADE3-8A79A46EFA47}.Debug|iPhoneSimulator.Build.0 = Debug|iPhoneSimulator
		{72D0F20B-A9DF-4BE5-ADE3-8A79A46EFA47}.Debug|iPhoneSimulator.Deploy.0 = Debug|iPhoneSimulator
		{72D0F20B-A9DF-4BE5-ADE3-8A79A46EFA47}.Release|Any CPU.ActiveCfg = Release|iPhone
		{72D0F20B-A9DF-4BE5-ADE3-8A79A46EFA47}.Release|Any CPU.Build.0 = Release|iPhone
		{72D0F20B-A9DF-4BE5-ADE3-8A79A46EFA47}.Release|Any CPU.Deploy.0 = Release|iPhone
		{72D0F20B-A9DF-4BE5-ADE3-8A79A46EFA47}.Release|iPhone.ActiveCfg = Release|iPhone
		{72D0F20B-A9DF-4BE5-ADE3-8A79A46EFA47}.Release|iPhone.Build.0 = Release|iPhone
		{72D0F20B-A9DF-4BE5-ADE3-8A79A46EFA47}.Release|iPhone.Deploy.0 = Release|iPhone
		{72D0F20B-A9DF-4BE5-ADE3-8A79A46EFA47}.Release|iPhoneSimulator.ActiveCfg = Release|iPhoneSimulator
		{72D0F20B-A9DF-4BE5-ADE3-8A79A46EFA47}.Release|iPhoneSimulator.Build.0 = Release|iPhoneSimulator
		{72D0F20B-A9DF-4BE5-ADE3-8A79A46EFA47}.Release|iPhoneSimulator.Deploy.0 = Release|iPhoneSimulator
		{F694623F-FBC2-4482-B014-58FC3D975D7D}.Debug|Any CPU.ActiveCfg = Debug|Any CPU
		{F694623F-FBC2-4482-B014-58FC3D975D7D}.Debug|Any CPU.Build.0 = Debug|Any CPU
		{F694623F-FBC2-4482-B014-58FC3D975D7D}.Debug|Any CPU.Deploy.0 = Debug|Any CPU
		{F694623F-FBC2-4482-B014-58FC3D975D7D}.Debug|iPhone.ActiveCfg = Debug|Any CPU
		{F694623F-FBC2-4482-B014-58FC3D975D7D}.Debug|iPhone.Build.0 = Debug|Any CPU
		{F694623F-FBC2-4482-B014-58FC3D975D7D}.Debug|iPhone.Deploy.0 = Debug|Any CPU
		{F694623F-FBC2-4482-B014-58FC3D975D7D}.Debug|iPhoneSimulator.ActiveCfg = Debug|Any CPU
		{F694623F-FBC2-4482-B014-58FC3D975D7D}.Debug|iPhoneSimulator.Build.0 = Debug|Any CPU
		{F694623F-FBC2-4482-B014-58FC3D975D7D}.Debug|iPhoneSimulator.Deploy.0 = Debug|Any CPU
		{F694623F-FBC2-4482-B014-58FC3D975D7D}.Release|Any CPU.ActiveCfg = Release|Any CPU
		{F694623F-FBC2-4482-B014-58FC3D975D7D}.Release|Any CPU.Build.0 = Release|Any CPU
		{F694623F-FBC2-4482-B014-58FC3D975D7D}.Release|Any CPU.Deploy.0 = Release|Any CPU
		{F694623F-FBC2-4482-B014-58FC3D975D7D}.Release|iPhone.ActiveCfg = Release|Any CPU
		{F694623F-FBC2-4482-B014-58FC3D975D7D}.Release|iPhone.Build.0 = Release|Any CPU
		{F694623F-FBC2-4482-B014-58FC3D975D7D}.Release|iPhone.Deploy.0 = Release|Any CPU
		{F694623F-FBC2-4482-B014-58FC3D975D7D}.Release|iPhoneSimulator.ActiveCfg = Release|Any CPU
		{F694623F-FBC2-4482-B014-58FC3D975D7D}.Release|iPhoneSimulator.Build.0 = Release|Any CPU
		{F694623F-FBC2-4482-B014-58FC3D975D7D}.Release|iPhoneSimulator.Deploy.0 = Release|Any CPU
	EndGlobalSection
	GlobalSection(SolutionProperties) = preSolution
		HideSolutionNode = FALSE
	EndGlobalSection
	GlobalSection(ExtensibilityGlobals) = postSolution
		SolutionGuid = {96CF9F7E-6451-4234-8B9A-A8A7BB60155A}
	EndGlobalSection
EndGlobal
